// !$*UTF8*$!
{
	archiveVersion = 1;
	classes = {
	};
	objectVersion = 51;
	objects = {

/* Begin PBXBuildFile section */
		5B06426B253ACBD10019AB80 /* GoogleService-Info.plist in Resources */ = {isa = PBXBuildFile; fileRef = 5B06426A253ACBD10019AB80 /* GoogleService-Info.plist */; };
		5B0D0D51252B431F00CCBB3F /* ThemedView.swift in Sources */ = {isa = PBXBuildFile; fileRef = 5B0D0D50252B431F00CCBB3F /* ThemedView.swift */; };
		5B100E8825211DF0002E75B4 /* ConversationViewController.swift in Sources */ = {isa = PBXBuildFile; fileRef = 5B100E8625211DF0002E75B4 /* ConversationViewController.swift */; };
		5B1014BC2549A97B000416B0 /* CustomErrors.swift in Sources */ = {isa = PBXBuildFile; fileRef = 5B1014BB2549A97B000416B0 /* CustomErrors.swift */; };
		5B16A56A25507AC1005CB96B /* ChannelTitleView.swift in Sources */ = {isa = PBXBuildFile; fileRef = 5B16A56925507AC1005CB96B /* ChannelTitleView.swift */; };
		5B16E0B32546045700E0DF86 /* ChannelsService.swift in Sources */ = {isa = PBXBuildFile; fileRef = 5B16E0B22546045700E0DF86 /* ChannelsService.swift */; };
		5B16E0C7254605D300E0DF86 /* ChannelsRepository.swift in Sources */ = {isa = PBXBuildFile; fileRef = 5B16E0C6254605D300E0DF86 /* ChannelsRepository.swift */; };
		5B16E0F025461BAD00E0DF86 /* MessagesRepository.swift in Sources */ = {isa = PBXBuildFile; fileRef = 5B16E0EF25461BAD00E0DF86 /* MessagesRepository.swift */; };
		5B16E0F325461E1200E0DF86 /* MessagesService.swift in Sources */ = {isa = PBXBuildFile; fileRef = 5B16E0F225461E1200E0DF86 /* MessagesService.swift */; };
		5B173466254B17E000F8614D /* RootViewController.swift in Sources */ = {isa = PBXBuildFile; fileRef = 5B173465254B17E000F8614D /* RootViewController.swift */; };
		5B23EFD52546CD87003A1BD6 /* ChannelsCache.swift in Sources */ = {isa = PBXBuildFile; fileRef = 5B23EFD42546CD87003A1BD6 /* ChannelsCache.swift */; };
		5B411CDA2535DBEC001859F0 /* SafeArray.swift in Sources */ = {isa = PBXBuildFile; fileRef = 5B411CD92535DBEC001859F0 /* SafeArray.swift */; };
		5B454DC425238C6300DABC68 /* UserAvatarViewDelegate.swift in Sources */ = {isa = PBXBuildFile; fileRef = 5B454DC325238C6300DABC68 /* UserAvatarViewDelegate.swift */; };
		5B4B7C372565AFE5006FDF89 /* OnlineImageLibrary.swift in Sources */ = {isa = PBXBuildFile; fileRef = 5B4B7C362565AFE5006FDF89 /* OnlineImageLibrary.swift */; };
		5B4B7C3C2565BC0D006FDF89 /* ImageLibraryModel.swift in Sources */ = {isa = PBXBuildFile; fileRef = 5B4B7C3B2565BC0D006FDF89 /* ImageLibraryModel.swift */; };
		5B4B7C402565BC5D006FDF89 /* ImageLibraryViewController.swift in Sources */ = {isa = PBXBuildFile; fileRef = 5B4B7C3E2565BC5D006FDF89 /* ImageLibraryViewController.swift */; };
		5B4B7C412565BC5D006FDF89 /* ImageLibraryViewController.xib in Resources */ = {isa = PBXBuildFile; fileRef = 5B4B7C3F2565BC5D006FDF89 /* ImageLibraryViewController.xib */; };
		5B4F6CF2252B241E000811AD /* ThemePlaceholderView.swift in Sources */ = {isa = PBXBuildFile; fileRef = 5B4F6CF1252B241E000811AD /* ThemePlaceholderView.swift */; };
		5B4F6CF6252B2436000811AD /* ThemePlaceholderView.xib in Resources */ = {isa = PBXBuildFile; fileRef = 5B4F6CF5252B2436000811AD /* ThemePlaceholderView.xib */; };
		5B5684CE254317ED00549998 /* ChannelDB.swift in Sources */ = {isa = PBXBuildFile; fileRef = 5B5684CA254317ED00549998 /* ChannelDB.swift */; };
		5B5684CF254317ED00549998 /* MessageDB.swift in Sources */ = {isa = PBXBuildFile; fileRef = 5B5684CB254317ED00549998 /* MessageDB.swift */; };
		5B586AE42559C7D4001BEB88 /* ConversationModel.swift in Sources */ = {isa = PBXBuildFile; fileRef = 5B586AE32559C7D4001BEB88 /* ConversationModel.swift */; };
		5B5A8CED251A524E000A541A /* UIViewController+Alert.swift in Sources */ = {isa = PBXBuildFile; fileRef = 5B5A8CEC251A524E000A541A /* UIViewController+Alert.swift */; };
		5B60C23725667113007ADB20 /* Router.swift in Sources */ = {isa = PBXBuildFile; fileRef = 5B60C23625667113007ADB20 /* Router.swift */; };
		5B6C091A2517A3A2007F58E3 /* User.swift in Sources */ = {isa = PBXBuildFile; fileRef = 5B6C09192517A3A2007F58E3 /* User.swift */; };
		5B6DAEF1255C711200FE52E6 /* ThemeStorage.swift in Sources */ = {isa = PBXBuildFile; fileRef = 5B6DAEF0255C711200FE52E6 /* ThemeStorage.swift */; };
		5B6DAEF7255C732B00FE52E6 /* ThemeService.swift in Sources */ = {isa = PBXBuildFile; fileRef = 5B6DAEF6255C732B00FE52E6 /* ThemeService.swift */; };
		5B6DAEFB255C74B700FE52E6 /* ThemePickerModel.swift in Sources */ = {isa = PBXBuildFile; fileRef = 5B6DAEFA255C74B700FE52E6 /* ThemePickerModel.swift */; };
		5B6FEF31255C7FCB003853B9 /* RootModel.swift in Sources */ = {isa = PBXBuildFile; fileRef = 5B6FEF30255C7FCB003853B9 /* RootModel.swift */; };
		5B71FB1D256644AC007D1518 /* ImageCollectionViewCell.swift in Sources */ = {isa = PBXBuildFile; fileRef = 5B71FB1B256644AC007D1518 /* ImageCollectionViewCell.swift */; };
		5B71FB1E256644AC007D1518 /* ImageCollectionViewCell.xib in Resources */ = {isa = PBXBuildFile; fileRef = 5B71FB1C256644AC007D1518 /* ImageCollectionViewCell.xib */; };
		5B72E1442532246D004BECDA /* TurnedOffTextField.swift in Sources */ = {isa = PBXBuildFile; fileRef = 5B72E1432532246D004BECDA /* TurnedOffTextField.swift */; };
		5B74D7A02530718D002C2363 /* MessageView.swift in Sources */ = {isa = PBXBuildFile; fileRef = 5B74D79F2530718D002C2363 /* MessageView.swift */; };
		5B798E2E25431B5900ABBADF /* CoreDataStack.swift in Sources */ = {isa = PBXBuildFile; fileRef = 5B798E2D25431B5900ABBADF /* CoreDataStack.swift */; };
		5B79C354251FA52D00963D06 /* ConversationsListViewController.swift in Sources */ = {isa = PBXBuildFile; fileRef = 5B79C353251FA52D00963D06 /* ConversationsListViewController.swift */; };
		5B7D031A256C099500D51A7B /* Animation.swift in Sources */ = {isa = PBXBuildFile; fileRef = 5B7D0319256C099500D51A7B /* Animation.swift */; };
		5B8586542527BA0800DCCD63 /* Theme.swift in Sources */ = {isa = PBXBuildFile; fileRef = 5B8586532527BA0800DCCD63 /* Theme.swift */; };
		5BA7E90C25591207007B9F29 /* CoreAssembly.swift in Sources */ = {isa = PBXBuildFile; fileRef = 5BA7E90B25591207007B9F29 /* CoreAssembly.swift */; };
		5BA7E91025591289007B9F29 /* UserStorage.swift in Sources */ = {isa = PBXBuildFile; fileRef = 5BA7E90F25591289007B9F29 /* UserStorage.swift */; };
		5BA7E91E25591FC6007B9F29 /* ServicesAssembly.swift in Sources */ = {isa = PBXBuildFile; fileRef = 5BA7E91D25591FC6007B9F29 /* ServicesAssembly.swift */; };
		5BA7E9222559200F007B9F29 /* UserService.swift in Sources */ = {isa = PBXBuildFile; fileRef = 5BA7E9212559200F007B9F29 /* UserService.swift */; };
		5BA7E9282559265D007B9F29 /* PresentationAssembly.swift in Sources */ = {isa = PBXBuildFile; fileRef = 5BA7E9272559265D007B9F29 /* PresentationAssembly.swift */; };
		5BA7E92C25592752007B9F29 /* UserModel.swift in Sources */ = {isa = PBXBuildFile; fileRef = 5BA7E92B25592752007B9F29 /* UserModel.swift */; };
		5BB1275D2564423A00A917AF /* Protocols.swift in Sources */ = {isa = PBXBuildFile; fileRef = 5BB1275C2564423A00A917AF /* Protocols.swift */; };
		5BB127622564494100A917AF /* PixabayList.swift in Sources */ = {isa = PBXBuildFile; fileRef = 5BB127612564494100A917AF /* PixabayList.swift */; };
		5BB1276525644A0B00A917AF /* PixabayImage.swift in Sources */ = {isa = PBXBuildFile; fileRef = 5BB1276425644A0B00A917AF /* PixabayImage.swift */; };
		5BB6876D2539BCB30040F1AF /* Channel.swift in Sources */ = {isa = PBXBuildFile; fileRef = 5BB6876C2539BCB30040F1AF /* Channel.swift */; };
		5BB72CCC25593D330055341C /* RootAssembly.swift in Sources */ = {isa = PBXBuildFile; fileRef = 5BB72CCB25593D330055341C /* RootAssembly.swift */; };
		5BB911DD2559B28F00430B02 /* ConversationsListModel.swift in Sources */ = {isa = PBXBuildFile; fileRef = 5BB911DC2559B28F00430B02 /* ConversationsListModel.swift */; };
		5BBE67E32543081700545557 /* Chat.xcdatamodeld in Sources */ = {isa = PBXBuildFile; fileRef = 5BBE67E12543081700545557 /* Chat.xcdatamodeld */; };
		5BC2B740250D4D770062C724 /* AppDelegate.swift in Sources */ = {isa = PBXBuildFile; fileRef = 5BC2B73F250D4D770062C724 /* AppDelegate.swift */; };
		5BC2B749250D4D7C0062C724 /* Assets.xcassets in Resources */ = {isa = PBXBuildFile; fileRef = 5BC2B748250D4D7C0062C724 /* Assets.xcassets */; };
		5BC2B74C250D4D7C0062C724 /* LaunchScreen.storyboard in Resources */ = {isa = PBXBuildFile; fileRef = 5BC2B74A250D4D7C0062C724 /* LaunchScreen.storyboard */; };
		5BC5332C25752D2D007A3A02 /* ChatTests.swift in Sources */ = {isa = PBXBuildFile; fileRef = 5BC5332B25752D2D007A3A02 /* ChatTests.swift */; };
		5BC5333625752DEC007A3A02 /* ThemeStorageMock.swift in Sources */ = {isa = PBXBuildFile; fileRef = 5BC5333525752DEC007A3A02 /* ThemeStorageMock.swift */; };
		5BC729C22547335B00A05B88 /* MessagesCache.swift in Sources */ = {isa = PBXBuildFile; fileRef = 5BC729C12547335B00A05B88 /* MessagesCache.swift */; };
		5BCE62952521E03C00107339 /* MessageTableViewCell.swift in Sources */ = {isa = PBXBuildFile; fileRef = 5BCE62932521E03C00107339 /* MessageTableViewCell.swift */; };
		5BCE62962521E03C00107339 /* MessageTableViewCell.xib in Resources */ = {isa = PBXBuildFile; fileRef = 5BCE62942521E03C00107339 /* MessageTableViewCell.xib */; };
		5BCE62A22521ED1E00107339 /* ConfigurationModel.swift in Sources */ = {isa = PBXBuildFile; fileRef = 5BCE62A12521ED1E00107339 /* ConfigurationModel.swift */; };
		5BDED39A2539972100B3A8EE /* .swiftlint.yml in Resources */ = {isa = PBXBuildFile; fileRef = 5BDED3992539972100B3A8EE /* .swiftlint.yml */; };
		5BE0571025630A2800CAA764 /* UserAvatar.swift in Sources */ = {isa = PBXBuildFile; fileRef = 5BE0570F25630A2800CAA764 /* UserAvatar.swift */; };
		5BE20E092520B60700D73A63 /* UserViewController.swift in Sources */ = {isa = PBXBuildFile; fileRef = 5BE20E072520B60700D73A63 /* UserViewController.swift */; };
		5BE20E0A2520B60700D73A63 /* UserViewController.xib in Resources */ = {isa = PBXBuildFile; fileRef = 5BE20E082520B60700D73A63 /* UserViewController.xib */; };
		5BE20E1D2520CCBF00D73A63 /* UserAvatarView.xib in Resources */ = {isa = PBXBuildFile; fileRef = 5BE20E1C2520CCBF00D73A63 /* UserAvatarView.xib */; };
		5BE20E202520CE9000D73A63 /* UserAvatarView.swift in Sources */ = {isa = PBXBuildFile; fileRef = 5BE20E1F2520CE9000D73A63 /* UserAvatarView.swift */; };
		5BE44803253D837C0015A6AF /* SendMessageView.swift in Sources */ = {isa = PBXBuildFile; fileRef = 5BE44802253D837C0015A6AF /* SendMessageView.swift */; };
		5BE44806253D9B490015A6AF /* SendMessageViewDelegate.swift in Sources */ = {isa = PBXBuildFile; fileRef = 5BE44805253D9B490015A6AF /* SendMessageViewDelegate.swift */; };
		5BE8FA1C252B62A200B06809 /* ThemePlaceholderDelegate.swift in Sources */ = {isa = PBXBuildFile; fileRef = 5BE8FA1B252B62A200B06809 /* ThemePlaceholderDelegate.swift */; };
		5BECAD47251FAACB00141621 /* ConversationsTableViewCell.swift in Sources */ = {isa = PBXBuildFile; fileRef = 5BECAD45251FAACB00141621 /* ConversationsTableViewCell.swift */; };
		5BECAD48251FAACB00141621 /* ConversationsTableViewCell.xib in Resources */ = {isa = PBXBuildFile; fileRef = 5BECAD46251FAACB00141621 /* ConversationsTableViewCell.xib */; };
		5BECAD4C251FB96A00141621 /* ConfigurableView.swift in Sources */ = {isa = PBXBuildFile; fileRef = 5BECAD4B251FB96A00141621 /* ConfigurableView.swift */; };
		5BECAD52251FC5AB00141621 /* Message.swift in Sources */ = {isa = PBXBuildFile; fileRef = 5BECAD51251FC5AB00141621 /* Message.swift */; };
		5BEF6A1C2527B7FA00F88572 /* ThemesViewController.swift in Sources */ = {isa = PBXBuildFile; fileRef = 5BEF6A1A2527B7FA00F88572 /* ThemesViewController.swift */; };
		5BEF6A1D2527B7FA00F88572 /* ThemesViewController.xib in Resources */ = {isa = PBXBuildFile; fileRef = 5BEF6A1B2527B7FA00F88572 /* ThemesViewController.xib */; };
		DF96199F5E593EB1B7D6AAEE /* Pods_Chat.framework in Frameworks */ = {isa = PBXBuildFile; fileRef = 406C76B15354F07F93B9FA21 /* Pods_Chat.framework */; };
		EFF1AB9B474778DB368AAFF7 /* Pods_ChatTests.framework in Frameworks */ = {isa = PBXBuildFile; fileRef = 2D2DE115095911E914511EB5 /* Pods_ChatTests.framework */; };
/* End PBXBuildFile section */

/* Begin PBXContainerItemProxy section */
		5BC5332E25752D2D007A3A02 /* PBXContainerItemProxy */ = {
			isa = PBXContainerItemProxy;
			containerPortal = 5BC2B734250D4D770062C724 /* Project object */;
			proxyType = 1;
			remoteGlobalIDString = 5BC2B73B250D4D770062C724;
			remoteInfo = Chat;
		};
/* End PBXContainerItemProxy section */

/* Begin PBXFileReference section */
		2D2DE115095911E914511EB5 /* Pods_ChatTests.framework */ = {isa = PBXFileReference; explicitFileType = wrapper.framework; includeInIndex = 0; path = Pods_ChatTests.framework; sourceTree = BUILT_PRODUCTS_DIR; };
		3FCFA1B75A6B24047EA64778 /* Pods-Chat.debug.xcconfig */ = {isa = PBXFileReference; includeInIndex = 1; lastKnownFileType = text.xcconfig; name = "Pods-Chat.debug.xcconfig"; path = "Target Support Files/Pods-Chat/Pods-Chat.debug.xcconfig"; sourceTree = "<group>"; };
		406C76B15354F07F93B9FA21 /* Pods_Chat.framework */ = {isa = PBXFileReference; explicitFileType = wrapper.framework; includeInIndex = 0; path = Pods_Chat.framework; sourceTree = BUILT_PRODUCTS_DIR; };
		5B06426A253ACBD10019AB80 /* GoogleService-Info.plist */ = {isa = PBXFileReference; fileEncoding = 4; lastKnownFileType = text.plist.xml; path = "GoogleService-Info.plist"; sourceTree = "<group>"; };
		5B0D0D50252B431F00CCBB3F /* ThemedView.swift */ = {isa = PBXFileReference; lastKnownFileType = sourcecode.swift; path = ThemedView.swift; sourceTree = "<group>"; };
		5B100E8625211DF0002E75B4 /* ConversationViewController.swift */ = {isa = PBXFileReference; lastKnownFileType = sourcecode.swift; path = ConversationViewController.swift; sourceTree = "<group>"; };
		5B1014BB2549A97B000416B0 /* CustomErrors.swift */ = {isa = PBXFileReference; lastKnownFileType = sourcecode.swift; path = CustomErrors.swift; sourceTree = "<group>"; };
		5B16A56925507AC1005CB96B /* ChannelTitleView.swift */ = {isa = PBXFileReference; lastKnownFileType = sourcecode.swift; path = ChannelTitleView.swift; sourceTree = "<group>"; };
		5B16E0B22546045700E0DF86 /* ChannelsService.swift */ = {isa = PBXFileReference; lastKnownFileType = sourcecode.swift; path = ChannelsService.swift; sourceTree = "<group>"; };
		5B16E0C6254605D300E0DF86 /* ChannelsRepository.swift */ = {isa = PBXFileReference; lastKnownFileType = sourcecode.swift; path = ChannelsRepository.swift; sourceTree = "<group>"; };
		5B16E0EF25461BAD00E0DF86 /* MessagesRepository.swift */ = {isa = PBXFileReference; lastKnownFileType = sourcecode.swift; path = MessagesRepository.swift; sourceTree = "<group>"; };
		5B16E0F225461E1200E0DF86 /* MessagesService.swift */ = {isa = PBXFileReference; lastKnownFileType = sourcecode.swift; path = MessagesService.swift; sourceTree = "<group>"; };
		5B173465254B17E000F8614D /* RootViewController.swift */ = {isa = PBXFileReference; lastKnownFileType = sourcecode.swift; path = RootViewController.swift; sourceTree = "<group>"; };
		5B23EFD42546CD87003A1BD6 /* ChannelsCache.swift */ = {isa = PBXFileReference; lastKnownFileType = sourcecode.swift; path = ChannelsCache.swift; sourceTree = "<group>"; };
		5B411CD92535DBEC001859F0 /* SafeArray.swift */ = {isa = PBXFileReference; lastKnownFileType = sourcecode.swift; path = SafeArray.swift; sourceTree = "<group>"; };
		5B454DC325238C6300DABC68 /* UserAvatarViewDelegate.swift */ = {isa = PBXFileReference; lastKnownFileType = sourcecode.swift; path = UserAvatarViewDelegate.swift; sourceTree = "<group>"; };
		5B4B7C362565AFE5006FDF89 /* OnlineImageLibrary.swift */ = {isa = PBXFileReference; lastKnownFileType = sourcecode.swift; path = OnlineImageLibrary.swift; sourceTree = "<group>"; };
		5B4B7C3B2565BC0D006FDF89 /* ImageLibraryModel.swift */ = {isa = PBXFileReference; lastKnownFileType = sourcecode.swift; path = ImageLibraryModel.swift; sourceTree = "<group>"; };
		5B4B7C3E2565BC5D006FDF89 /* ImageLibraryViewController.swift */ = {isa = PBXFileReference; lastKnownFileType = sourcecode.swift; path = ImageLibraryViewController.swift; sourceTree = "<group>"; };
		5B4B7C3F2565BC5D006FDF89 /* ImageLibraryViewController.xib */ = {isa = PBXFileReference; lastKnownFileType = file.xib; path = ImageLibraryViewController.xib; sourceTree = "<group>"; };
		5B4F6CF1252B241E000811AD /* ThemePlaceholderView.swift */ = {isa = PBXFileReference; lastKnownFileType = sourcecode.swift; path = ThemePlaceholderView.swift; sourceTree = "<group>"; };
		5B4F6CF5252B2436000811AD /* ThemePlaceholderView.xib */ = {isa = PBXFileReference; lastKnownFileType = file.xib; path = ThemePlaceholderView.xib; sourceTree = "<group>"; };
		5B5684CA254317ED00549998 /* ChannelDB.swift */ = {isa = PBXFileReference; lastKnownFileType = sourcecode.swift; path = ChannelDB.swift; sourceTree = "<group>"; };
		5B5684CB254317ED00549998 /* MessageDB.swift */ = {isa = PBXFileReference; lastKnownFileType = sourcecode.swift; path = MessageDB.swift; sourceTree = "<group>"; };
		5B586AE32559C7D4001BEB88 /* ConversationModel.swift */ = {isa = PBXFileReference; lastKnownFileType = sourcecode.swift; path = ConversationModel.swift; sourceTree = "<group>"; };
		5B5A8CEC251A524E000A541A /* UIViewController+Alert.swift */ = {isa = PBXFileReference; lastKnownFileType = sourcecode.swift; path = "UIViewController+Alert.swift"; sourceTree = "<group>"; };
		5B60C23625667113007ADB20 /* Router.swift */ = {isa = PBXFileReference; lastKnownFileType = sourcecode.swift; path = Router.swift; sourceTree = "<group>"; };
		5B6C09192517A3A2007F58E3 /* User.swift */ = {isa = PBXFileReference; lastKnownFileType = sourcecode.swift; path = User.swift; sourceTree = "<group>"; };
		5B6DAEF0255C711200FE52E6 /* ThemeStorage.swift */ = {isa = PBXFileReference; lastKnownFileType = sourcecode.swift; path = ThemeStorage.swift; sourceTree = "<group>"; };
		5B6DAEF6255C732B00FE52E6 /* ThemeService.swift */ = {isa = PBXFileReference; lastKnownFileType = sourcecode.swift; path = ThemeService.swift; sourceTree = "<group>"; };
		5B6DAEFA255C74B700FE52E6 /* ThemePickerModel.swift */ = {isa = PBXFileReference; lastKnownFileType = sourcecode.swift; path = ThemePickerModel.swift; sourceTree = "<group>"; };
		5B6FEF30255C7FCB003853B9 /* RootModel.swift */ = {isa = PBXFileReference; lastKnownFileType = sourcecode.swift; path = RootModel.swift; sourceTree = "<group>"; };
		5B71FB1B256644AC007D1518 /* ImageCollectionViewCell.swift */ = {isa = PBXFileReference; lastKnownFileType = sourcecode.swift; path = ImageCollectionViewCell.swift; sourceTree = "<group>"; };
		5B71FB1C256644AC007D1518 /* ImageCollectionViewCell.xib */ = {isa = PBXFileReference; lastKnownFileType = file.xib; path = ImageCollectionViewCell.xib; sourceTree = "<group>"; };
		5B72E1432532246D004BECDA /* TurnedOffTextField.swift */ = {isa = PBXFileReference; lastKnownFileType = sourcecode.swift; path = TurnedOffTextField.swift; sourceTree = "<group>"; };
		5B74D79F2530718D002C2363 /* MessageView.swift */ = {isa = PBXFileReference; lastKnownFileType = sourcecode.swift; path = MessageView.swift; sourceTree = "<group>"; };
		5B798E2D25431B5900ABBADF /* CoreDataStack.swift */ = {isa = PBXFileReference; lastKnownFileType = sourcecode.swift; path = CoreDataStack.swift; sourceTree = "<group>"; };
		5B79C353251FA52D00963D06 /* ConversationsListViewController.swift */ = {isa = PBXFileReference; lastKnownFileType = sourcecode.swift; path = ConversationsListViewController.swift; sourceTree = "<group>"; };
		5B7D0319256C099500D51A7B /* Animation.swift */ = {isa = PBXFileReference; lastKnownFileType = sourcecode.swift; path = Animation.swift; sourceTree = "<group>"; };
		5B8586532527BA0800DCCD63 /* Theme.swift */ = {isa = PBXFileReference; lastKnownFileType = sourcecode.swift; path = Theme.swift; sourceTree = "<group>"; };
		5BA7E90B25591207007B9F29 /* CoreAssembly.swift */ = {isa = PBXFileReference; lastKnownFileType = sourcecode.swift; path = CoreAssembly.swift; sourceTree = "<group>"; };
		5BA7E90F25591289007B9F29 /* UserStorage.swift */ = {isa = PBXFileReference; lastKnownFileType = sourcecode.swift; path = UserStorage.swift; sourceTree = "<group>"; };
		5BA7E91D25591FC6007B9F29 /* ServicesAssembly.swift */ = {isa = PBXFileReference; lastKnownFileType = sourcecode.swift; path = ServicesAssembly.swift; sourceTree = "<group>"; };
		5BA7E9212559200F007B9F29 /* UserService.swift */ = {isa = PBXFileReference; lastKnownFileType = sourcecode.swift; path = UserService.swift; sourceTree = "<group>"; };
		5BA7E9272559265D007B9F29 /* PresentationAssembly.swift */ = {isa = PBXFileReference; lastKnownFileType = sourcecode.swift; path = PresentationAssembly.swift; sourceTree = "<group>"; };
		5BA7E92B25592752007B9F29 /* UserModel.swift */ = {isa = PBXFileReference; lastKnownFileType = sourcecode.swift; path = UserModel.swift; sourceTree = "<group>"; };
		5BB1275C2564423A00A917AF /* Protocols.swift */ = {isa = PBXFileReference; lastKnownFileType = sourcecode.swift; path = Protocols.swift; sourceTree = "<group>"; };
		5BB127612564494100A917AF /* PixabayList.swift */ = {isa = PBXFileReference; lastKnownFileType = sourcecode.swift; path = PixabayList.swift; sourceTree = "<group>"; };
		5BB1276425644A0B00A917AF /* PixabayImage.swift */ = {isa = PBXFileReference; lastKnownFileType = sourcecode.swift; path = PixabayImage.swift; sourceTree = "<group>"; };
		5BB6876C2539BCB30040F1AF /* Channel.swift */ = {isa = PBXFileReference; lastKnownFileType = sourcecode.swift; path = Channel.swift; sourceTree = "<group>"; };
		5BB72CCB25593D330055341C /* RootAssembly.swift */ = {isa = PBXFileReference; lastKnownFileType = sourcecode.swift; path = RootAssembly.swift; sourceTree = "<group>"; };
		5BB911DC2559B28F00430B02 /* ConversationsListModel.swift */ = {isa = PBXFileReference; lastKnownFileType = sourcecode.swift; path = ConversationsListModel.swift; sourceTree = "<group>"; };
		5BBE67E22543081700545557 /* Chat.xcdatamodel */ = {isa = PBXFileReference; lastKnownFileType = wrapper.xcdatamodel; path = Chat.xcdatamodel; sourceTree = "<group>"; };
		5BC2B73C250D4D770062C724 /* Chat.app */ = {isa = PBXFileReference; explicitFileType = wrapper.application; includeInIndex = 0; path = Chat.app; sourceTree = BUILT_PRODUCTS_DIR; };
		5BC2B73F250D4D770062C724 /* AppDelegate.swift */ = {isa = PBXFileReference; lastKnownFileType = sourcecode.swift; path = AppDelegate.swift; sourceTree = "<group>"; };
		5BC2B748250D4D7C0062C724 /* Assets.xcassets */ = {isa = PBXFileReference; lastKnownFileType = folder.assetcatalog; path = Assets.xcassets; sourceTree = "<group>"; };
		5BC2B74B250D4D7C0062C724 /* Base */ = {isa = PBXFileReference; lastKnownFileType = file.storyboard; name = Base; path = Base.lproj/LaunchScreen.storyboard; sourceTree = "<group>"; };
		5BC2B74D250D4D7C0062C724 /* Info.plist */ = {isa = PBXFileReference; lastKnownFileType = text.plist.xml; path = Info.plist; sourceTree = "<group>"; };
		5BC5332925752D2D007A3A02 /* ChatTests.xctest */ = {isa = PBXFileReference; explicitFileType = wrapper.cfbundle; includeInIndex = 0; path = ChatTests.xctest; sourceTree = BUILT_PRODUCTS_DIR; };
		5BC5332B25752D2D007A3A02 /* ChatTests.swift */ = {isa = PBXFileReference; lastKnownFileType = sourcecode.swift; path = ChatTests.swift; sourceTree = "<group>"; };
		5BC5332D25752D2D007A3A02 /* Info.plist */ = {isa = PBXFileReference; lastKnownFileType = text.plist.xml; path = Info.plist; sourceTree = "<group>"; };
		5BC5333525752DEC007A3A02 /* ThemeStorageMock.swift */ = {isa = PBXFileReference; lastKnownFileType = sourcecode.swift; path = ThemeStorageMock.swift; sourceTree = "<group>"; };
		5BC729C12547335B00A05B88 /* MessagesCache.swift */ = {isa = PBXFileReference; lastKnownFileType = sourcecode.swift; path = MessagesCache.swift; sourceTree = "<group>"; };
		5BCE62932521E03C00107339 /* MessageTableViewCell.swift */ = {isa = PBXFileReference; lastKnownFileType = sourcecode.swift; path = MessageTableViewCell.swift; sourceTree = "<group>"; };
		5BCE62942521E03C00107339 /* MessageTableViewCell.xib */ = {isa = PBXFileReference; lastKnownFileType = file.xib; path = MessageTableViewCell.xib; sourceTree = "<group>"; };
		5BCE62A12521ED1E00107339 /* ConfigurationModel.swift */ = {isa = PBXFileReference; lastKnownFileType = sourcecode.swift; path = ConfigurationModel.swift; sourceTree = "<group>"; };
		5BDED3992539972100B3A8EE /* .swiftlint.yml */ = {isa = PBXFileReference; lastKnownFileType = text.yaml; path = .swiftlint.yml; sourceTree = "<group>"; };
		5BE0570F25630A2800CAA764 /* UserAvatar.swift */ = {isa = PBXFileReference; lastKnownFileType = sourcecode.swift; path = UserAvatar.swift; sourceTree = "<group>"; };
		5BE20E072520B60700D73A63 /* UserViewController.swift */ = {isa = PBXFileReference; lastKnownFileType = sourcecode.swift; path = UserViewController.swift; sourceTree = "<group>"; };
		5BE20E082520B60700D73A63 /* UserViewController.xib */ = {isa = PBXFileReference; lastKnownFileType = file.xib; path = UserViewController.xib; sourceTree = "<group>"; };
		5BE20E1C2520CCBF00D73A63 /* UserAvatarView.xib */ = {isa = PBXFileReference; lastKnownFileType = file.xib; path = UserAvatarView.xib; sourceTree = "<group>"; };
		5BE20E1F2520CE9000D73A63 /* UserAvatarView.swift */ = {isa = PBXFileReference; lastKnownFileType = sourcecode.swift; path = UserAvatarView.swift; sourceTree = "<group>"; };
		5BE44802253D837C0015A6AF /* SendMessageView.swift */ = {isa = PBXFileReference; lastKnownFileType = sourcecode.swift; path = SendMessageView.swift; sourceTree = "<group>"; };
		5BE44805253D9B490015A6AF /* SendMessageViewDelegate.swift */ = {isa = PBXFileReference; lastKnownFileType = sourcecode.swift; path = SendMessageViewDelegate.swift; sourceTree = "<group>"; };
		5BE8FA1B252B62A200B06809 /* ThemePlaceholderDelegate.swift */ = {isa = PBXFileReference; lastKnownFileType = sourcecode.swift; path = ThemePlaceholderDelegate.swift; sourceTree = "<group>"; };
		5BECAD45251FAACB00141621 /* ConversationsTableViewCell.swift */ = {isa = PBXFileReference; lastKnownFileType = sourcecode.swift; path = ConversationsTableViewCell.swift; sourceTree = "<group>"; };
		5BECAD46251FAACB00141621 /* ConversationsTableViewCell.xib */ = {isa = PBXFileReference; lastKnownFileType = file.xib; path = ConversationsTableViewCell.xib; sourceTree = "<group>"; };
		5BECAD4B251FB96A00141621 /* ConfigurableView.swift */ = {isa = PBXFileReference; lastKnownFileType = sourcecode.swift; path = ConfigurableView.swift; sourceTree = "<group>"; };
		5BECAD51251FC5AB00141621 /* Message.swift */ = {isa = PBXFileReference; lastKnownFileType = sourcecode.swift; path = Message.swift; sourceTree = "<group>"; };
		5BEF6A1A2527B7FA00F88572 /* ThemesViewController.swift */ = {isa = PBXFileReference; lastKnownFileType = sourcecode.swift; path = ThemesViewController.swift; sourceTree = "<group>"; };
		5BEF6A1B2527B7FA00F88572 /* ThemesViewController.xib */ = {isa = PBXFileReference; lastKnownFileType = file.xib; path = ThemesViewController.xib; sourceTree = "<group>"; };
		6B406A5D0AD8AC836808CD07 /* Pods-Chat.release.xcconfig */ = {isa = PBXFileReference; includeInIndex = 1; lastKnownFileType = text.xcconfig; name = "Pods-Chat.release.xcconfig"; path = "Target Support Files/Pods-Chat/Pods-Chat.release.xcconfig"; sourceTree = "<group>"; };
		BFFE0FA04F171F9A892E0D59 /* Pods-ChatTests.release.xcconfig */ = {isa = PBXFileReference; includeInIndex = 1; lastKnownFileType = text.xcconfig; name = "Pods-ChatTests.release.xcconfig"; path = "Target Support Files/Pods-ChatTests/Pods-ChatTests.release.xcconfig"; sourceTree = "<group>"; };
		E22E25C0C98728022A625BB1 /* Pods-ChatTests.debug.xcconfig */ = {isa = PBXFileReference; includeInIndex = 1; lastKnownFileType = text.xcconfig; name = "Pods-ChatTests.debug.xcconfig"; path = "Target Support Files/Pods-ChatTests/Pods-ChatTests.debug.xcconfig"; sourceTree = "<group>"; };
/* End PBXFileReference section */

/* Begin PBXFrameworksBuildPhase section */
		5BC2B739250D4D770062C724 /* Frameworks */ = {
			isa = PBXFrameworksBuildPhase;
			buildActionMask = 2147483647;
			files = (
				DF96199F5E593EB1B7D6AAEE /* Pods_Chat.framework in Frameworks */,
			);
			runOnlyForDeploymentPostprocessing = 0;
		};
		5BC5332625752D2D007A3A02 /* Frameworks */ = {
			isa = PBXFrameworksBuildPhase;
			buildActionMask = 2147483647;
			files = (
				EFF1AB9B474778DB368AAFF7 /* Pods_ChatTests.framework in Frameworks */,
			);
			runOnlyForDeploymentPostprocessing = 0;
		};
/* End PBXFrameworksBuildPhase section */

/* Begin PBXGroup section */
		5B16E0B12546041F00E0DF86 /* Channels */ = {
			isa = PBXGroup;
			children = (
				5B16E0C6254605D300E0DF86 /* ChannelsRepository.swift */,
				5B23EFD42546CD87003A1BD6 /* ChannelsCache.swift */,
			);
			path = Channels;
			sourceTree = "<group>";
		};
		5B4B7C3A2565BBE4006FDF89 /* ImageLibraryController */ = {
			isa = PBXGroup;
			children = (
				5B4B7C3B2565BC0D006FDF89 /* ImageLibraryModel.swift */,
				5B4B7C3E2565BC5D006FDF89 /* ImageLibraryViewController.swift */,
				5B4B7C3F2565BC5D006FDF89 /* ImageLibraryViewController.xib */,
			);
			path = ImageLibraryController;
			sourceTree = "<group>";
		};
		5B4F6CF0252B23EC000811AD /* ThemePlaceholderView */ = {
			isa = PBXGroup;
			children = (
				5B4F6CF1252B241E000811AD /* ThemePlaceholderView.swift */,
				5B4F6CF5252B2436000811AD /* ThemePlaceholderView.xib */,
				5BE8FA1B252B62A200B06809 /* ThemePlaceholderDelegate.swift */,
			);
			path = ThemePlaceholderView;
			sourceTree = "<group>";
		};
		5B586AE02559C789001BEB88 /* ConversationViewController */ = {
			isa = PBXGroup;
			children = (
				5B586AE32559C7D4001BEB88 /* ConversationModel.swift */,
				5B100E8625211DF0002E75B4 /* ConversationViewController.swift */,
			);
			path = ConversationViewController;
			sourceTree = "<group>";
		};
		5B5A8CEB251A5224000A541A /* Extensions */ = {
			isa = PBXGroup;
			children = (
				5B5A8CEC251A524E000A541A /* UIViewController+Alert.swift */,
			);
			path = Extensions;
			sourceTree = "<group>";
		};
		5B6C09182517A389007F58E3 /* Models */ = {
			isa = PBXGroup;
			children = (
				5BBE67E02543080A00545557 /* DataModel */,
				5B6C09192517A3A2007F58E3 /* User.swift */,
				5BB6876C2539BCB30040F1AF /* Channel.swift */,
				5BECAD51251FC5AB00141621 /* Message.swift */,
				5B8586532527BA0800DCCD63 /* Theme.swift */,
			);
			path = Models;
			sourceTree = "<group>";
		};
		5B6DAEED255C6F0400FE52E6 /* SendMessageView */ = {
			isa = PBXGroup;
			children = (
				5BE44802253D837C0015A6AF /* SendMessageView.swift */,
				5BE44805253D9B490015A6AF /* SendMessageViewDelegate.swift */,
			);
			path = SendMessageView;
			sourceTree = "<group>";
		};
		5B6DAEEF255C700600FE52E6 /* ThemeStorage */ = {
			isa = PBXGroup;
			children = (
				5B6DAEF0255C711200FE52E6 /* ThemeStorage.swift */,
			);
			path = ThemeStorage;
			sourceTree = "<group>";
		};
		5B6FEF2F255C7FAB003853B9 /* RootViewController */ = {
			isa = PBXGroup;
			children = (
				5B173465254B17E000F8614D /* RootViewController.swift */,
				5B6FEF30255C7FCB003853B9 /* RootModel.swift */,
			);
			path = RootViewController;
			sourceTree = "<group>";
		};
		5B71FB1A2566449C007D1518 /* ImageCollectionViewCell */ = {
			isa = PBXGroup;
			children = (
				5B71FB1B256644AC007D1518 /* ImageCollectionViewCell.swift */,
				5B71FB1C256644AC007D1518 /* ImageCollectionViewCell.xib */,
			);
			path = ImageCollectionViewCell;
			sourceTree = "<group>";
		};
		5B85865D2527BAE400DCCD63 /* ViewModel */ = {
			isa = PBXGroup;
			children = (
				5BCE62A12521ED1E00107339 /* ConfigurationModel.swift */,
				5B411CD92535DBEC001859F0 /* SafeArray.swift */,
				5B1014BB2549A97B000416B0 /* CustomErrors.swift */,
			);
			path = ViewModel;
			sourceTree = "<group>";
		};
		5BA7E909255911C6007B9F29 /* Core Layer */ = {
			isa = PBXGroup;
			children = (
				5BA7E90A255911DF007B9F29 /* Assembly */,
				5BB1275B2564422100A917AF /* Networking */,
				5B6DAEEF255C700600FE52E6 /* ThemeStorage */,
				5BA7E90E25591274007B9F29 /* UserStorage */,
				5B16E0B12546041F00E0DF86 /* Channels */,
				5BCE87482559B98B00301B17 /* Messages */,
			);
			path = "Core Layer";
			sourceTree = "<group>";
		};
		5BA7E90A255911DF007B9F29 /* Assembly */ = {
			isa = PBXGroup;
			children = (
				5BA7E90B25591207007B9F29 /* CoreAssembly.swift */,
			);
			path = Assembly;
			sourceTree = "<group>";
		};
		5BA7E90E25591274007B9F29 /* UserStorage */ = {
			isa = PBXGroup;
			children = (
				5BA7E90F25591289007B9F29 /* UserStorage.swift */,
			);
			path = UserStorage;
			sourceTree = "<group>";
		};
		5BA7E91A25591F6A007B9F29 /* Service Layer */ = {
			isa = PBXGroup;
			children = (
				5BA7E91B25591F7F007B9F29 /* Assembly */,
				5BA7E91C25591F86007B9F29 /* Services */,
			);
			path = "Service Layer";
			sourceTree = "<group>";
		};
		5BA7E91B25591F7F007B9F29 /* Assembly */ = {
			isa = PBXGroup;
			children = (
				5BA7E91D25591FC6007B9F29 /* ServicesAssembly.swift */,
			);
			path = Assembly;
			sourceTree = "<group>";
		};
		5BA7E91C25591F86007B9F29 /* Services */ = {
			isa = PBXGroup;
			children = (
				5B16E0B22546045700E0DF86 /* ChannelsService.swift */,
				5B16E0F225461E1200E0DF86 /* MessagesService.swift */,
				5BA7E9212559200F007B9F29 /* UserService.swift */,
				5B6DAEF6255C732B00FE52E6 /* ThemeService.swift */,
				5B4B7C362565AFE5006FDF89 /* OnlineImageLibrary.swift */,
			);
			path = Services;
			sourceTree = "<group>";
		};
		5BA7E925255925B3007B9F29 /* Presentation Layer */ = {
			isa = PBXGroup;
			children = (
				5BA7E9262559263D007B9F29 /* Assembly */,
				5BA7E92A25592717007B9F29 /* Modules */,
				5B60C23625667113007ADB20 /* Router.swift */,
				5B7D0319256C099500D51A7B /* Animation.swift */,
			);
			path = "Presentation Layer";
			sourceTree = "<group>";
		};
		5BA7E9262559263D007B9F29 /* Assembly */ = {
			isa = PBXGroup;
			children = (
				5BA7E9272559265D007B9F29 /* PresentationAssembly.swift */,
			);
			path = Assembly;
			sourceTree = "<group>";
		};
		5BA7E92A25592717007B9F29 /* Modules */ = {
			isa = PBXGroup;
			children = (
				5B6FEF2F255C7FAB003853B9 /* RootViewController */,
				5BEF6A192527B7D600F88572 /* ThemesViewController */,
				5B586AE02559C789001BEB88 /* ConversationViewController */,
				5BB911DB2559B22E00430B02 /* ConversationsListViewController */,
				5BE20E062520B5F000D73A63 /* UserViewController */,
				5B4B7C3A2565BBE4006FDF89 /* ImageLibraryController */,
			);
			path = Modules;
			sourceTree = "<group>";
		};
		5BB1275B2564422100A917AF /* Networking */ = {
			isa = PBXGroup;
			children = (
				5BB127602564491000A917AF /* Pixabay */,
				5BB1275C2564423A00A917AF /* Protocols.swift */,
			);
			path = Networking;
			sourceTree = "<group>";
		};
		5BB127602564491000A917AF /* Pixabay */ = {
			isa = PBXGroup;
			children = (
				5BB127612564494100A917AF /* PixabayList.swift */,
				5BB1276425644A0B00A917AF /* PixabayImage.swift */,
			);
			path = Pixabay;
			sourceTree = "<group>";
		};
		5BB911DB2559B22E00430B02 /* ConversationsListViewController */ = {
			isa = PBXGroup;
			children = (
				5BB911DC2559B28F00430B02 /* ConversationsListModel.swift */,
				5B79C353251FA52D00963D06 /* ConversationsListViewController.swift */,
			);
			path = ConversationsListViewController;
			sourceTree = "<group>";
		};
		5BBE67E02543080A00545557 /* DataModel */ = {
			isa = PBXGroup;
			children = (
				5B5684CA254317ED00549998 /* ChannelDB.swift */,
				5B5684CB254317ED00549998 /* MessageDB.swift */,
				5BBE67E12543081700545557 /* Chat.xcdatamodeld */,
				5B798E2D25431B5900ABBADF /* CoreDataStack.swift */,
			);
			path = DataModel;
			sourceTree = "<group>";
		};
		5BC2B733250D4D770062C724 = {
			isa = PBXGroup;
			children = (
				5BDED3992539972100B3A8EE /* .swiftlint.yml */,
				5BC2B73E250D4D770062C724 /* Chat */,
				5BC5332A25752D2D007A3A02 /* ChatTests */,
				5BC2B73D250D4D770062C724 /* Products */,
				E1E99A4DDE21D838CE0EB68D /* Pods */,
				6E790EE7E43EA5841CAD02D5 /* Frameworks */,
			);
			sourceTree = "<group>";
		};
		5BC2B73D250D4D770062C724 /* Products */ = {
			isa = PBXGroup;
			children = (
				5BC2B73C250D4D770062C724 /* Chat.app */,
				5BC5332925752D2D007A3A02 /* ChatTests.xctest */,
			);
			name = Products;
			sourceTree = "<group>";
		};
		5BC2B73E250D4D770062C724 /* Chat */ = {
			isa = PBXGroup;
			children = (
				5BA7E925255925B3007B9F29 /* Presentation Layer */,
				5BA7E91A25591F6A007B9F29 /* Service Layer */,
				5BA7E909255911C6007B9F29 /* Core Layer */,
				5BECAD44251FAA9900141621 /* Views */,
				5B5A8CEB251A5224000A541A /* Extensions */,
				5B6C09182517A389007F58E3 /* Models */,
				5B85865D2527BAE400DCCD63 /* ViewModel */,
				5BC2B73F250D4D770062C724 /* AppDelegate.swift */,
				5BC2B748250D4D7C0062C724 /* Assets.xcassets */,
				5BC2B74A250D4D7C0062C724 /* LaunchScreen.storyboard */,
				5B06426A253ACBD10019AB80 /* GoogleService-Info.plist */,
				5BC2B74D250D4D7C0062C724 /* Info.plist */,
				5BB72CCB25593D330055341C /* RootAssembly.swift */,
			);
			path = Chat;
			sourceTree = "<group>";
		};
		5BC5332A25752D2D007A3A02 /* ChatTests */ = {
			isa = PBXGroup;
			children = (
				5BC5332B25752D2D007A3A02 /* ChatTests.swift */,
				5BC5332D25752D2D007A3A02 /* Info.plist */,
				5BC5333525752DEC007A3A02 /* ThemeStorageMock.swift */,
			);
			path = ChatTests;
			sourceTree = "<group>";
		};
		5BCE62922521E01700107339 /* MessageTableViewCell */ = {
			isa = PBXGroup;
			children = (
				5BCE62932521E03C00107339 /* MessageTableViewCell.swift */,
				5BCE62942521E03C00107339 /* MessageTableViewCell.xib */,
			);
			path = MessageTableViewCell;
			sourceTree = "<group>";
		};
		5BCE87482559B98B00301B17 /* Messages */ = {
			isa = PBXGroup;
			children = (
				5B16E0EF25461BAD00E0DF86 /* MessagesRepository.swift */,
				5BC729C12547335B00A05B88 /* MessagesCache.swift */,
			);
			path = Messages;
			sourceTree = "<group>";
		};
		5BE20DFE2520B4C200D73A63 /* ConversationTableViewCell */ = {
			isa = PBXGroup;
			children = (
				5BECAD45251FAACB00141621 /* ConversationsTableViewCell.swift */,
				5BECAD46251FAACB00141621 /* ConversationsTableViewCell.xib */,
			);
			path = ConversationTableViewCell;
			sourceTree = "<group>";
		};
		5BE20E062520B5F000D73A63 /* UserViewController */ = {
			isa = PBXGroup;
			children = (
				5BA7E92B25592752007B9F29 /* UserModel.swift */,
				5BE0570F25630A2800CAA764 /* UserAvatar.swift */,
				5BE20E072520B60700D73A63 /* UserViewController.swift */,
				5BE20E082520B60700D73A63 /* UserViewController.xib */,
			);
			path = UserViewController;
			sourceTree = "<group>";
		};
		5BE20E1B2520CCB400D73A63 /* UserAvatarView */ = {
			isa = PBXGroup;
			children = (
				5BE20E1C2520CCBF00D73A63 /* UserAvatarView.xib */,
				5BE20E1F2520CE9000D73A63 /* UserAvatarView.swift */,
				5B454DC325238C6300DABC68 /* UserAvatarViewDelegate.swift */,
			);
			path = UserAvatarView;
			sourceTree = "<group>";
		};
		5BECAD44251FAA9900141621 /* Views */ = {
			isa = PBXGroup;
			children = (
				5B71FB1A2566449C007D1518 /* ImageCollectionViewCell */,
				5B6DAEED255C6F0400FE52E6 /* SendMessageView */,
				5B4F6CF0252B23EC000811AD /* ThemePlaceholderView */,
				5BE20E1B2520CCB400D73A63 /* UserAvatarView */,
				5BCE62922521E01700107339 /* MessageTableViewCell */,
				5BE20DFE2520B4C200D73A63 /* ConversationTableViewCell */,
				5B0D0D50252B431F00CCBB3F /* ThemedView.swift */,
				5BECAD4B251FB96A00141621 /* ConfigurableView.swift */,
				5B72E1432532246D004BECDA /* TurnedOffTextField.swift */,
				5B74D79F2530718D002C2363 /* MessageView.swift */,
				5B16A56925507AC1005CB96B /* ChannelTitleView.swift */,
			);
			path = Views;
			sourceTree = "<group>";
		};
		5BEF6A192527B7D600F88572 /* ThemesViewController */ = {
			isa = PBXGroup;
			children = (
				5BEF6A1A2527B7FA00F88572 /* ThemesViewController.swift */,
				5BEF6A1B2527B7FA00F88572 /* ThemesViewController.xib */,
				5B6DAEFA255C74B700FE52E6 /* ThemePickerModel.swift */,
			);
			path = ThemesViewController;
			sourceTree = "<group>";
		};
		6E790EE7E43EA5841CAD02D5 /* Frameworks */ = {
			isa = PBXGroup;
			children = (
				406C76B15354F07F93B9FA21 /* Pods_Chat.framework */,
				2D2DE115095911E914511EB5 /* Pods_ChatTests.framework */,
			);
			name = Frameworks;
			sourceTree = "<group>";
		};
		E1E99A4DDE21D838CE0EB68D /* Pods */ = {
			isa = PBXGroup;
			children = (
				3FCFA1B75A6B24047EA64778 /* Pods-Chat.debug.xcconfig */,
				6B406A5D0AD8AC836808CD07 /* Pods-Chat.release.xcconfig */,
				E22E25C0C98728022A625BB1 /* Pods-ChatTests.debug.xcconfig */,
				BFFE0FA04F171F9A892E0D59 /* Pods-ChatTests.release.xcconfig */,
			);
			path = Pods;
			sourceTree = "<group>";
		};
/* End PBXGroup section */

/* Begin PBXNativeTarget section */
		5BC2B73B250D4D770062C724 /* Chat */ = {
			isa = PBXNativeTarget;
			buildConfigurationList = 5BC2B750250D4D7C0062C724 /* Build configuration list for PBXNativeTarget "Chat" */;
			buildPhases = (
				2DB0929305F4084D99FD69CE /* [CP] Check Pods Manifest.lock */,
				5BDED39125398F3700B3A8EE /* SwiftLint */,
				5BC2B738250D4D770062C724 /* Sources */,
				5BC2B739250D4D770062C724 /* Frameworks */,
				5BC2B73A250D4D770062C724 /* Resources */,
				BB7C945F829433CA5F5269B7 /* [CP] Embed Pods Frameworks */,
			);
			buildRules = (
			);
			dependencies = (
			);
			name = Chat;
			productName = Chat;
			productReference = 5BC2B73C250D4D770062C724 /* Chat.app */;
			productType = "com.apple.product-type.application";
		};
		5BC5332825752D2D007A3A02 /* ChatTests */ = {
			isa = PBXNativeTarget;
			buildConfigurationList = 5BC5333225752D2D007A3A02 /* Build configuration list for PBXNativeTarget "ChatTests" */;
			buildPhases = (
				40F152FC706B8D0116EFD8CE /* [CP] Check Pods Manifest.lock */,
				5BC5332525752D2D007A3A02 /* Sources */,
				5BC5332625752D2D007A3A02 /* Frameworks */,
				5BC5332725752D2D007A3A02 /* Resources */,
				15F83B58A24510C8F2E9E57F /* [CP] Embed Pods Frameworks */,
			);
			buildRules = (
			);
			dependencies = (
				5BC5332F25752D2D007A3A02 /* PBXTargetDependency */,
			);
			name = ChatTests;
			productName = ChatTests;
			productReference = 5BC5332925752D2D007A3A02 /* ChatTests.xctest */;
			productType = "com.apple.product-type.bundle.unit-test";
		};
/* End PBXNativeTarget section */

/* Begin PBXProject section */
		5BC2B734250D4D770062C724 /* Project object */ = {
			isa = PBXProject;
			attributes = {
				LastSwiftUpdateCheck = 1210;
				LastUpgradeCheck = 1200;
				ORGANIZATIONNAME = "Алексей Никитин";
				TargetAttributes = {
					5BC2B73B250D4D770062C724 = {
						CreatedOnToolsVersion = 11.7;
					};
					5BC5332825752D2D007A3A02 = {
						CreatedOnToolsVersion = 12.1;
						TestTargetID = 5BC2B73B250D4D770062C724;
					};
				};
			};
			buildConfigurationList = 5BC2B737250D4D770062C724 /* Build configuration list for PBXProject "Chat" */;
			compatibilityVersion = "Xcode 9.3";
			developmentRegion = en;
			hasScannedForEncodings = 0;
			knownRegions = (
				en,
				Base,
			);
			mainGroup = 5BC2B733250D4D770062C724;
			productRefGroup = 5BC2B73D250D4D770062C724 /* Products */;
			projectDirPath = "";
			projectRoot = "";
			targets = (
				5BC2B73B250D4D770062C724 /* Chat */,
				5BC5332825752D2D007A3A02 /* ChatTests */,
			);
		};
/* End PBXProject section */

/* Begin PBXResourcesBuildPhase section */
		5BC2B73A250D4D770062C724 /* Resources */ = {
			isa = PBXResourcesBuildPhase;
			buildActionMask = 2147483647;
			files = (
				5BECAD48251FAACB00141621 /* ConversationsTableViewCell.xib in Resources */,
				5BE20E0A2520B60700D73A63 /* UserViewController.xib in Resources */,
				5B4F6CF6252B2436000811AD /* ThemePlaceholderView.xib in Resources */,
				5B4B7C412565BC5D006FDF89 /* ImageLibraryViewController.xib in Resources */,
				5BCE62962521E03C00107339 /* MessageTableViewCell.xib in Resources */,
				5BC2B74C250D4D7C0062C724 /* LaunchScreen.storyboard in Resources */,
				5B06426B253ACBD10019AB80 /* GoogleService-Info.plist in Resources */,
				5BEF6A1D2527B7FA00F88572 /* ThemesViewController.xib in Resources */,
				5BC2B749250D4D7C0062C724 /* Assets.xcassets in Resources */,
				5BE20E1D2520CCBF00D73A63 /* UserAvatarView.xib in Resources */,
				5B71FB1E256644AC007D1518 /* ImageCollectionViewCell.xib in Resources */,
				5BDED39A2539972100B3A8EE /* .swiftlint.yml in Resources */,
			);
			runOnlyForDeploymentPostprocessing = 0;
		};
		5BC5332725752D2D007A3A02 /* Resources */ = {
			isa = PBXResourcesBuildPhase;
			buildActionMask = 2147483647;
			files = (
			);
			runOnlyForDeploymentPostprocessing = 0;
		};
/* End PBXResourcesBuildPhase section */

/* Begin PBXShellScriptBuildPhase section */
		15F83B58A24510C8F2E9E57F /* [CP] Embed Pods Frameworks */ = {
			isa = PBXShellScriptBuildPhase;
			buildActionMask = 2147483647;
			files = (
			);
			inputFileListPaths = (
				"${PODS_ROOT}/Target Support Files/Pods-ChatTests/Pods-ChatTests-frameworks-${CONFIGURATION}-input-files.xcfilelist",
			);
			name = "[CP] Embed Pods Frameworks";
			outputFileListPaths = (
				"${PODS_ROOT}/Target Support Files/Pods-ChatTests/Pods-ChatTests-frameworks-${CONFIGURATION}-output-files.xcfilelist",
			);
			runOnlyForDeploymentPostprocessing = 0;
			shellPath = /bin/sh;
			shellScript = "\"${PODS_ROOT}/Target Support Files/Pods-ChatTests/Pods-ChatTests-frameworks.sh\"\n";
			showEnvVarsInLog = 0;
		};
		2DB0929305F4084D99FD69CE /* [CP] Check Pods Manifest.lock */ = {
			isa = PBXShellScriptBuildPhase;
			buildActionMask = 2147483647;
			files = (
			);
			inputFileListPaths = (
			);
			inputPaths = (
				"${PODS_PODFILE_DIR_PATH}/Podfile.lock",
				"${PODS_ROOT}/Manifest.lock",
			);
			name = "[CP] Check Pods Manifest.lock";
			outputFileListPaths = (
			);
			outputPaths = (
				"$(DERIVED_FILE_DIR)/Pods-Chat-checkManifestLockResult.txt",
			);
			runOnlyForDeploymentPostprocessing = 0;
			shellPath = /bin/sh;
			shellScript = "diff \"${PODS_PODFILE_DIR_PATH}/Podfile.lock\" \"${PODS_ROOT}/Manifest.lock\" > /dev/null\nif [ $? != 0 ] ; then\n    # print error to STDERR\n    echo \"error: The sandbox is not in sync with the Podfile.lock. Run 'pod install' or update your CocoaPods installation.\" >&2\n    exit 1\nfi\n# This output is used by Xcode 'outputs' to avoid re-running this script phase.\necho \"SUCCESS\" > \"${SCRIPT_OUTPUT_FILE_0}\"\n";
			showEnvVarsInLog = 0;
		};
		40F152FC706B8D0116EFD8CE /* [CP] Check Pods Manifest.lock */ = {
			isa = PBXShellScriptBuildPhase;
			buildActionMask = 2147483647;
			files = (
			);
			inputFileListPaths = (
			);
			inputPaths = (
				"${PODS_PODFILE_DIR_PATH}/Podfile.lock",
				"${PODS_ROOT}/Manifest.lock",
			);
			name = "[CP] Check Pods Manifest.lock";
			outputFileListPaths = (
			);
			outputPaths = (
				"$(DERIVED_FILE_DIR)/Pods-ChatTests-checkManifestLockResult.txt",
			);
			runOnlyForDeploymentPostprocessing = 0;
			shellPath = /bin/sh;
			shellScript = "diff \"${PODS_PODFILE_DIR_PATH}/Podfile.lock\" \"${PODS_ROOT}/Manifest.lock\" > /dev/null\nif [ $? != 0 ] ; then\n    # print error to STDERR\n    echo \"error: The sandbox is not in sync with the Podfile.lock. Run 'pod install' or update your CocoaPods installation.\" >&2\n    exit 1\nfi\n# This output is used by Xcode 'outputs' to avoid re-running this script phase.\necho \"SUCCESS\" > \"${SCRIPT_OUTPUT_FILE_0}\"\n";
			showEnvVarsInLog = 0;
		};
		5BDED39125398F3700B3A8EE /* SwiftLint */ = {
			isa = PBXShellScriptBuildPhase;
			buildActionMask = 12;
			files = (
			);
			inputFileListPaths = (
			);
			inputPaths = (
			);
			name = SwiftLint;
			outputFileListPaths = (
			);
			outputPaths = (
			);
			runOnlyForDeploymentPostprocessing = 0;
			shellPath = /bin/sh;
			shellScript = "# Type a script or drag a script file from your workspace to insert its path.\n\"${PODS_ROOT}/SwiftLint/swiftlint\"\n";
		};
		BB7C945F829433CA5F5269B7 /* [CP] Embed Pods Frameworks */ = {
			isa = PBXShellScriptBuildPhase;
			buildActionMask = 2147483647;
			files = (
			);
			inputFileListPaths = (
				"${PODS_ROOT}/Target Support Files/Pods-Chat/Pods-Chat-frameworks-${CONFIGURATION}-input-files.xcfilelist",
			);
			name = "[CP] Embed Pods Frameworks";
			outputFileListPaths = (
				"${PODS_ROOT}/Target Support Files/Pods-Chat/Pods-Chat-frameworks-${CONFIGURATION}-output-files.xcfilelist",
			);
			runOnlyForDeploymentPostprocessing = 0;
			shellPath = /bin/sh;
			shellScript = "\"${PODS_ROOT}/Target Support Files/Pods-Chat/Pods-Chat-frameworks.sh\"\n";
			showEnvVarsInLog = 0;
		};
/* End PBXShellScriptBuildPhase section */

/* Begin PBXSourcesBuildPhase section */
		5BC2B738250D4D770062C724 /* Sources */ = {
			isa = PBXSourcesBuildPhase;
			buildActionMask = 2147483647;
			files = (
				5BB6876D2539BCB30040F1AF /* Channel.swift in Sources */,
				5BB1275D2564423A00A917AF /* Protocols.swift in Sources */,
				5BB1276525644A0B00A917AF /* PixabayImage.swift in Sources */,
				5B4B7C3C2565BC0D006FDF89 /* ImageLibraryModel.swift in Sources */,
				5BB72CCC25593D330055341C /* RootAssembly.swift in Sources */,
				5BE20E092520B60700D73A63 /* UserViewController.swift in Sources */,
				5B5A8CED251A524E000A541A /* UIViewController+Alert.swift in Sources */,
				5BC2B740250D4D770062C724 /* AppDelegate.swift in Sources */,
				5B411CDA2535DBEC001859F0 /* SafeArray.swift in Sources */,
				5B100E8825211DF0002E75B4 /* ConversationViewController.swift in Sources */,
				5B798E2E25431B5900ABBADF /* CoreDataStack.swift in Sources */,
				5BE44806253D9B490015A6AF /* SendMessageViewDelegate.swift in Sources */,
				5BE44803253D837C0015A6AF /* SendMessageView.swift in Sources */,
				5B0D0D51252B431F00CCBB3F /* ThemedView.swift in Sources */,
				5BE20E202520CE9000D73A63 /* UserAvatarView.swift in Sources */,
				5B6DAEF1255C711200FE52E6 /* ThemeStorage.swift in Sources */,
				5B454DC425238C6300DABC68 /* UserAvatarViewDelegate.swift in Sources */,
				5B60C23725667113007ADB20 /* Router.swift in Sources */,
				5BA7E9282559265D007B9F29 /* PresentationAssembly.swift in Sources */,
				5BA7E91025591289007B9F29 /* UserStorage.swift in Sources */,
				5BA7E91E25591FC6007B9F29 /* ServicesAssembly.swift in Sources */,
				5BECAD47251FAACB00141621 /* ConversationsTableViewCell.swift in Sources */,
				5B5684CE254317ED00549998 /* ChannelDB.swift in Sources */,
				5BCE62952521E03C00107339 /* MessageTableViewCell.swift in Sources */,
				5B5684CF254317ED00549998 /* MessageDB.swift in Sources */,
				5B4B7C372565AFE5006FDF89 /* OnlineImageLibrary.swift in Sources */,
				5BECAD4C251FB96A00141621 /* ConfigurableView.swift in Sources */,
				5BEF6A1C2527B7FA00F88572 /* ThemesViewController.swift in Sources */,
				5B72E1442532246D004BECDA /* TurnedOffTextField.swift in Sources */,
				5BA7E92C25592752007B9F29 /* UserModel.swift in Sources */,
				5BA7E90C25591207007B9F29 /* CoreAssembly.swift in Sources */,
				5BC729C22547335B00A05B88 /* MessagesCache.swift in Sources */,
				5B16E0B32546045700E0DF86 /* ChannelsService.swift in Sources */,
				5B4F6CF2252B241E000811AD /* ThemePlaceholderView.swift in Sources */,
				5BE8FA1C252B62A200B06809 /* ThemePlaceholderDelegate.swift in Sources */,
				5B16E0F025461BAD00E0DF86 /* MessagesRepository.swift in Sources */,
				5B16E0C7254605D300E0DF86 /* ChannelsRepository.swift in Sources */,
				5B71FB1D256644AC007D1518 /* ImageCollectionViewCell.swift in Sources */,
				5BBE67E32543081700545557 /* Chat.xcdatamodeld in Sources */,
				5B23EFD52546CD87003A1BD6 /* ChannelsCache.swift in Sources */,
				5BECAD52251FC5AB00141621 /* Message.swift in Sources */,
				5B586AE42559C7D4001BEB88 /* ConversationModel.swift in Sources */,
				5B6DAEFB255C74B700FE52E6 /* ThemePickerModel.swift in Sources */,
				5BCE62A22521ED1E00107339 /* ConfigurationModel.swift in Sources */,
				5B8586542527BA0800DCCD63 /* Theme.swift in Sources */,
				5B6C091A2517A3A2007F58E3 /* User.swift in Sources */,
				5B79C354251FA52D00963D06 /* ConversationsListViewController.swift in Sources */,
				5BE0571025630A2800CAA764 /* UserAvatar.swift in Sources */,
				5B74D7A02530718D002C2363 /* MessageView.swift in Sources */,
				5B16E0F325461E1200E0DF86 /* MessagesService.swift in Sources */,
				5B4B7C402565BC5D006FDF89 /* ImageLibraryViewController.swift in Sources */,
				5B6FEF31255C7FCB003853B9 /* RootModel.swift in Sources */,
				5B173466254B17E000F8614D /* RootViewController.swift in Sources */,
				5BB127622564494100A917AF /* PixabayList.swift in Sources */,
				5B16A56A25507AC1005CB96B /* ChannelTitleView.swift in Sources */,
				5BA7E9222559200F007B9F29 /* UserService.swift in Sources */,
				5B1014BC2549A97B000416B0 /* CustomErrors.swift in Sources */,
				5B6DAEF7255C732B00FE52E6 /* ThemeService.swift in Sources */,
				5B7D031A256C099500D51A7B /* Animation.swift in Sources */,
				5BB911DD2559B28F00430B02 /* ConversationsListModel.swift in Sources */,
			);
			runOnlyForDeploymentPostprocessing = 0;
		};
		5BC5332525752D2D007A3A02 /* Sources */ = {
			isa = PBXSourcesBuildPhase;
			buildActionMask = 2147483647;
			files = (
				5BC5332C25752D2D007A3A02 /* ChatTests.swift in Sources */,
				5BC5333625752DEC007A3A02 /* ThemeStorageMock.swift in Sources */,
			);
			runOnlyForDeploymentPostprocessing = 0;
		};
/* End PBXSourcesBuildPhase section */

/* Begin PBXTargetDependency section */
		5BC5332F25752D2D007A3A02 /* PBXTargetDependency */ = {
			isa = PBXTargetDependency;
			target = 5BC2B73B250D4D770062C724 /* Chat */;
			targetProxy = 5BC5332E25752D2D007A3A02 /* PBXContainerItemProxy */;
		};
/* End PBXTargetDependency section */

/* Begin PBXVariantGroup section */
		5BC2B74A250D4D7C0062C724 /* LaunchScreen.storyboard */ = {
			isa = PBXVariantGroup;
			children = (
				5BC2B74B250D4D7C0062C724 /* Base */,
			);
			name = LaunchScreen.storyboard;
			sourceTree = "<group>";
		};
/* End PBXVariantGroup section */

/* Begin XCBuildConfiguration section */
		5BC2B74E250D4D7C0062C724 /* Debug */ = {
			isa = XCBuildConfiguration;
			buildSettings = {
				ALWAYS_SEARCH_USER_PATHS = NO;
				CLANG_ANALYZER_NONNULL = YES;
				CLANG_ANALYZER_NUMBER_OBJECT_CONVERSION = YES_AGGRESSIVE;
				CLANG_CXX_LANGUAGE_STANDARD = "gnu++14";
				CLANG_CXX_LIBRARY = "libc++";
				CLANG_ENABLE_MODULES = YES;
				CLANG_ENABLE_OBJC_ARC = YES;
				CLANG_ENABLE_OBJC_WEAK = YES;
				CLANG_WARN_BLOCK_CAPTURE_AUTORELEASING = YES;
				CLANG_WARN_BOOL_CONVERSION = YES;
				CLANG_WARN_COMMA = YES;
				CLANG_WARN_CONSTANT_CONVERSION = YES;
				CLANG_WARN_DEPRECATED_OBJC_IMPLEMENTATIONS = YES;
				CLANG_WARN_DIRECT_OBJC_ISA_USAGE = YES_ERROR;
				CLANG_WARN_DOCUMENTATION_COMMENTS = YES;
				CLANG_WARN_EMPTY_BODY = YES;
				CLANG_WARN_ENUM_CONVERSION = YES;
				CLANG_WARN_INFINITE_RECURSION = YES;
				CLANG_WARN_INT_CONVERSION = YES;
				CLANG_WARN_NON_LITERAL_NULL_CONVERSION = YES;
				CLANG_WARN_OBJC_IMPLICIT_RETAIN_SELF = YES;
				CLANG_WARN_OBJC_LITERAL_CONVERSION = YES;
				CLANG_WARN_OBJC_ROOT_CLASS = YES_ERROR;
				CLANG_WARN_QUOTED_INCLUDE_IN_FRAMEWORK_HEADER = YES;
				CLANG_WARN_RANGE_LOOP_ANALYSIS = YES;
				CLANG_WARN_STRICT_PROTOTYPES = YES;
				CLANG_WARN_SUSPICIOUS_MOVE = YES;
				CLANG_WARN_UNGUARDED_AVAILABILITY = YES_AGGRESSIVE;
				CLANG_WARN_UNREACHABLE_CODE = YES;
				CLANG_WARN__DUPLICATE_METHOD_MATCH = YES;
				COPY_PHASE_STRIP = NO;
				DEBUG_INFORMATION_FORMAT = dwarf;
				ENABLE_STRICT_OBJC_MSGSEND = YES;
				ENABLE_TESTABILITY = YES;
				GCC_C_LANGUAGE_STANDARD = gnu11;
				GCC_DYNAMIC_NO_PIC = NO;
				GCC_NO_COMMON_BLOCKS = YES;
				GCC_OPTIMIZATION_LEVEL = 0;
				GCC_PREPROCESSOR_DEFINITIONS = (
					"DEBUG=1",
					"$(inherited)",
				);
				GCC_WARN_64_TO_32_BIT_CONVERSION = YES;
				GCC_WARN_ABOUT_RETURN_TYPE = YES_ERROR;
				GCC_WARN_UNDECLARED_SELECTOR = YES;
				GCC_WARN_UNINITIALIZED_AUTOS = YES_AGGRESSIVE;
				GCC_WARN_UNUSED_FUNCTION = YES;
				GCC_WARN_UNUSED_VARIABLE = YES;
				IPHONEOS_DEPLOYMENT_TARGET = 12;
				MTL_ENABLE_DEBUG_INFO = INCLUDE_SOURCE;
				MTL_FAST_MATH = YES;
				ONLY_ACTIVE_ARCH = YES;
				SDKROOT = iphoneos;
				SWIFT_ACTIVE_COMPILATION_CONDITIONS = DEBUG;
				SWIFT_OPTIMIZATION_LEVEL = "-Onone";
			};
			name = Debug;
		};
		5BC2B74F250D4D7C0062C724 /* Release */ = {
			isa = XCBuildConfiguration;
			buildSettings = {
				ALWAYS_SEARCH_USER_PATHS = NO;
				CLANG_ANALYZER_NONNULL = YES;
				CLANG_ANALYZER_NUMBER_OBJECT_CONVERSION = YES_AGGRESSIVE;
				CLANG_CXX_LANGUAGE_STANDARD = "gnu++14";
				CLANG_CXX_LIBRARY = "libc++";
				CLANG_ENABLE_MODULES = YES;
				CLANG_ENABLE_OBJC_ARC = YES;
				CLANG_ENABLE_OBJC_WEAK = YES;
				CLANG_WARN_BLOCK_CAPTURE_AUTORELEASING = YES;
				CLANG_WARN_BOOL_CONVERSION = YES;
				CLANG_WARN_COMMA = YES;
				CLANG_WARN_CONSTANT_CONVERSION = YES;
				CLANG_WARN_DEPRECATED_OBJC_IMPLEMENTATIONS = YES;
				CLANG_WARN_DIRECT_OBJC_ISA_USAGE = YES_ERROR;
				CLANG_WARN_DOCUMENTATION_COMMENTS = YES;
				CLANG_WARN_EMPTY_BODY = YES;
				CLANG_WARN_ENUM_CONVERSION = YES;
				CLANG_WARN_INFINITE_RECURSION = YES;
				CLANG_WARN_INT_CONVERSION = YES;
				CLANG_WARN_NON_LITERAL_NULL_CONVERSION = YES;
				CLANG_WARN_OBJC_IMPLICIT_RETAIN_SELF = YES;
				CLANG_WARN_OBJC_LITERAL_CONVERSION = YES;
				CLANG_WARN_OBJC_ROOT_CLASS = YES_ERROR;
				CLANG_WARN_QUOTED_INCLUDE_IN_FRAMEWORK_HEADER = YES;
				CLANG_WARN_RANGE_LOOP_ANALYSIS = YES;
				CLANG_WARN_STRICT_PROTOTYPES = YES;
				CLANG_WARN_SUSPICIOUS_MOVE = YES;
				CLANG_WARN_UNGUARDED_AVAILABILITY = YES_AGGRESSIVE;
				CLANG_WARN_UNREACHABLE_CODE = YES;
				CLANG_WARN__DUPLICATE_METHOD_MATCH = YES;
				COPY_PHASE_STRIP = NO;
				DEBUG_INFORMATION_FORMAT = "dwarf-with-dsym";
				ENABLE_NS_ASSERTIONS = NO;
				ENABLE_STRICT_OBJC_MSGSEND = YES;
				GCC_C_LANGUAGE_STANDARD = gnu11;
				GCC_NO_COMMON_BLOCKS = YES;
				GCC_WARN_64_TO_32_BIT_CONVERSION = YES;
				GCC_WARN_ABOUT_RETURN_TYPE = YES_ERROR;
				GCC_WARN_UNDECLARED_SELECTOR = YES;
				GCC_WARN_UNINITIALIZED_AUTOS = YES_AGGRESSIVE;
				GCC_WARN_UNUSED_FUNCTION = YES;
				GCC_WARN_UNUSED_VARIABLE = YES;
				IPHONEOS_DEPLOYMENT_TARGET = 12;
				MTL_ENABLE_DEBUG_INFO = NO;
				MTL_FAST_MATH = YES;
				SDKROOT = iphoneos;
				SWIFT_COMPILATION_MODE = wholemodule;
				SWIFT_OPTIMIZATION_LEVEL = "-O";
				VALIDATE_PRODUCT = YES;
			};
			name = Release;
		};
		5BC2B751250D4D7C0062C724 /* Debug */ = {
			isa = XCBuildConfiguration;
			baseConfigurationReference = 3FCFA1B75A6B24047EA64778 /* Pods-Chat.debug.xcconfig */;
			buildSettings = {
				ASSETCATALOG_COMPILER_APPICON_NAME = AppIcon;
				CODE_SIGN_STYLE = Automatic;
				DEVELOPMENT_TEAM = "";
				INFOPLIST_FILE = Chat/Info.plist;
				LD_RUNPATH_SEARCH_PATHS = (
					"$(inherited)",
					"@executable_path/Frameworks",
				);
				PRODUCT_BUNDLE_IDENTIFIER = ru.tinkoff.TinkoffChat;
				PRODUCT_NAME = "$(TARGET_NAME)";
				SWIFT_VERSION = 5.0;
				TARGETED_DEVICE_FAMILY = "1,2";
			};
			name = Debug;
		};
		5BC2B752250D4D7C0062C724 /* Release */ = {
			isa = XCBuildConfiguration;
			baseConfigurationReference = 6B406A5D0AD8AC836808CD07 /* Pods-Chat.release.xcconfig */;
			buildSettings = {
				ASSETCATALOG_COMPILER_APPICON_NAME = AppIcon;
				CODE_SIGN_STYLE = Automatic;
				DEVELOPMENT_TEAM = "";
				INFOPLIST_FILE = Chat/Info.plist;
				LD_RUNPATH_SEARCH_PATHS = (
					"$(inherited)",
					"@executable_path/Frameworks",
				);
				PRODUCT_BUNDLE_IDENTIFIER = ru.tinkoff.TinkoffChat;
				PRODUCT_NAME = "$(TARGET_NAME)";
				SWIFT_VERSION = 5.0;
				TARGETED_DEVICE_FAMILY = "1,2";
			};
			name = Release;
		};
		5BC5333025752D2D007A3A02 /* Debug */ = {
			isa = XCBuildConfiguration;
			baseConfigurationReference = E22E25C0C98728022A625BB1 /* Pods-ChatTests.debug.xcconfig */;
			buildSettings = {
				BUNDLE_LOADER = "$(TEST_HOST)";
				CODE_SIGN_STYLE = Automatic;
				INFOPLIST_FILE = ChatTests/Info.plist;
				IPHONEOS_DEPLOYMENT_TARGET = 14.1;
				LD_RUNPATH_SEARCH_PATHS = (
					"$(inherited)",
					"@executable_path/Frameworks",
					"@loader_path/Frameworks",
				);
				PRODUCT_BUNDLE_IDENTIFIER = ru.tinkoff.ChatTests;
				PRODUCT_NAME = "$(TARGET_NAME)";
				SWIFT_VERSION = 5.0;
				TARGETED_DEVICE_FAMILY = "1,2";
				TEST_HOST = "$(BUILT_PRODUCTS_DIR)/Chat.app/Chat";
			};
			name = Debug;
		};
		5BC5333125752D2D007A3A02 /* Release */ = {
			isa = XCBuildConfiguration;
			baseConfigurationReference = BFFE0FA04F171F9A892E0D59 /* Pods-ChatTests.release.xcconfig */;
			buildSettings = {
				BUNDLE_LOADER = "$(TEST_HOST)";
				CODE_SIGN_STYLE = Automatic;
				INFOPLIST_FILE = ChatTests/Info.plist;
				IPHONEOS_DEPLOYMENT_TARGET = 14.1;
				LD_RUNPATH_SEARCH_PATHS = (
					"$(inherited)",
					"@executable_path/Frameworks",
					"@loader_path/Frameworks",
				);
				PRODUCT_BUNDLE_IDENTIFIER = ru.tinkoff.ChatTests;
				PRODUCT_NAME = "$(TARGET_NAME)";
				SWIFT_VERSION = 5.0;
				TARGETED_DEVICE_FAMILY = "1,2";
				TEST_HOST = "$(BUILT_PRODUCTS_DIR)/Chat.app/Chat";
			};
			name = Release;
		};
/* End XCBuildConfiguration section */

/* Begin XCConfigurationList section */
		5BC2B737250D4D770062C724 /* Build configuration list for PBXProject "Chat" */ = {
			isa = XCConfigurationList;
			buildConfigurations = (
				5BC2B74E250D4D7C0062C724 /* Debug */,
				5BC2B74F250D4D7C0062C724 /* Release */,
			);
			defaultConfigurationIsVisible = 0;
			defaultConfigurationName = Release;
		};
		5BC2B750250D4D7C0062C724 /* Build configuration list for PBXNativeTarget "Chat" */ = {
			isa = XCConfigurationList;
			buildConfigurations = (
				5BC2B751250D4D7C0062C724 /* Debug */,
				5BC2B752250D4D7C0062C724 /* Release */,
			);
			defaultConfigurationIsVisible = 0;
			defaultConfigurationName = Release;
		};
		5BC5333225752D2D007A3A02 /* Build configuration list for PBXNativeTarget "ChatTests" */ = {
			isa = XCConfigurationList;
			buildConfigurations = (
				5BC5333025752D2D007A3A02 /* Debug */,
				5BC5333125752D2D007A3A02 /* Release */,
			);
			defaultConfigurationIsVisible = 0;
			defaultConfigurationName = Release;
		};
/* End XCConfigurationList section */

/* Begin XCVersionGroup section */
		5BBE67E12543081700545557 /* Chat.xcdatamodeld */ = {
			isa = XCVersionGroup;
			children = (
				5BBE67E22543081700545557 /* Chat.xcdatamodel */,
			);
			currentVersion = 5BBE67E22543081700545557 /* Chat.xcdatamodel */;
			path = Chat.xcdatamodeld;
			sourceTree = "<group>";
			versionGroupType = wrapper.xcdatamodel;
		};
/* End XCVersionGroup section */
	};
	rootObject = 5BC2B734250D4D770062C724 /* Project object */;
}
